github.com/powerfulweb/image-mod-hugo v1.0.2 h1:dRuOkmZTDxzyq5d5/1klqeEcmmJiFlK4o3ZX+blUIfo=
github.com/powerfulweb/image-mod-hugo v1.0.2/go.mod h1:sk90M0DtHaE0zE5X0FipOjsVcklymI5rDvUIFmDIcZ4=
github.com/powerfulweb/image-mod-hugo v1.0.3 h1:UVqdkhhrbBkz4ya7fdSA+4kViCB82upaSNVmTUngbc0=
github.com/powerfulweb/image-mod-hugo v1.0.3/go.mod h1:sk90M0DtHaE0zE5X0FipOjsVcklymI5rDvUIFmDIcZ4=
